
Microsoft Visual Studio Solution File, Format Version 12.00
# Visual Studio 15
VisualStudioVersion = 15.0.28307.168
MinimumVisualStudioVersion = 10.0.40219.1
Project("{FAE04EC0-301F-11D3-BF4B-00C04F79EFBC}") = "IO", "IO\IO.csproj", "{689861E4-05AB-4394-885B-D44701C0D142}"
EndProject
Global
	GlobalSection(SolutionConfigurationPlatforms) = preSolution
		Debug|Any CPU = Debug|Any CPU
		Release|Any CPU = Release|Any CPU
	EndGlobalSection
	GlobalSection(ProjectConfigurationPlatforms) = postSolution
		{689861E4-05AB-4394-885B-D44701C0D142}.Debug|Any CPU.ActiveCfg = Debug|Any CPU
		{689861E4-05AB-4394-885B-D44701C0D142}.Debug|Any CPU.Build.0 = Debug|Any CPU
		{689861E4-05AB-4394-885B-D44701C0D142}.Release|Any CPU.ActiveCfg = Release|Any CPU
		{689861E4-05AB-4394-885B-D44701C0D142}.Release|Any CPU.Build.0 = Release|Any CPU
	EndGlobalSection
	GlobalSection(SolutionProperties) = preSolution
		HideSolutionNode = FALSE
	EndGlobalSection
	GlobalSection(ExtensibilityGlobals) = postSolution
		SolutionGuid = {7D2979ED-C073-4F1D-8214-F150A9DAEFAD}
	EndGlobalSection
EndGlobal
